{
  "name": "proxies",
  "lockfileVersion": 3,
  "requires": true,
  "packages": {
    "": {
      "dependencies": {
        "@tinkoff/utils": "^2.6.2",
        "callable-instance": "^2.0.0",
        "curry": "^1.2.0"
      }
    },
    "node_modules/@tinkoff/utils": {
      "version": "2.6.2",
      "resolved": "https://registry.npmjs.org/@tinkoff/utils/-/utils-2.6.2.tgz",
      "integrity": "sha512-WUbc/2/6k0m4iTYIon0ttwfOsnINB3oWZLnmfSEP9DisVvtQVUIFGwkgoLvP2W5qiJxy/iltAlJD9OEAJfqSAA==",
      "peerDependenciesMeta": {
        "react-is": {
          "optional": true
        }
      }
    },
    "node_modules/callable-instance": {
      "version": "2.0.0",
      "resolved": "https://registry.npmjs.org/callable-instance/-/callable-instance-2.0.0.tgz",
      "integrity": "sha512-wOBp/J1CRZLsbFxG1alxefJjoG1BW/nocXkUanAe2+leiD/+cVr00j8twSZoDiRy03o5vibq9pbrZc+EDjjUTw=="
    },
    "node_modules/curry": {
      "version": "1.2.0",
      "resolved": "https://registry.npmjs.org/curry/-/curry-1.2.0.tgz",
      "integrity": "sha512-PAdmqPH2DUYTCc/aknv6RxRxmqdRHclvbz+wP8t1Xpg2Nu13qg+oLb6/5iFoDmf4dbmC9loYoy9PwwGbFt/AqA=="
    }
  }
}
